
Microsoft Visual Studio Solution File, Format Version 12.00
# Visual Studio Version 17
VisualStudioVersion = 17.14.36414.22
MinimumVisualStudioVersion = 10.0.40219.1
Project("{FAE04EC0-301F-11D3-BF4B-00C04F79EFBC}") = "CinemaManagerConsole", "CinemaManagerConsole\CinemaManagerConsole.csproj", "{EEB1D879-229C-4B7E-BC74-4A57AD919C95}"
EndProject
Project("{FAE04EC0-301F-11D3-BF4B-00C04F79EFBC}") = "CinemaManager.DBModels", "CinemaManager.DBModels\CinemaManager.DBModels.csproj", "{F2D651C5-57A1-4CF7-BD81-D34BD9049CEF}"
EndProject
Project("{FAE04EC0-301F-11D3-BF4B-00C04F79EFBC}") = "CinemaManager.UIModels", "CinemaManager.UIModels\CinemaManager.UIModels.csproj", "{E4E3F19D-D7EA-443B-9C79-B3EC0EA52732}"
EndProject
Project("{FAE04EC0-301F-11D3-BF4B-00C04F79EFBC}") = "CinemaManager.Storage", "CinemaManager.Storage\CinemaManager.Storage.csproj", "{D5FE1C09-1506-451F-BDD7-2F01CCDC7609}"
	ProjectSection(ProjectDependencies) = postProject
		{C708FB29-1101-488E-A1D1-7441D0AB5AA4} = {C708FB29-1101-488E-A1D1-7441D0AB5AA4}
		{E4E3F19D-D7EA-443B-9C79-B3EC0EA52732} = {E4E3F19D-D7EA-443B-9C79-B3EC0EA52732}
		{F2D651C5-57A1-4CF7-BD81-D34BD9049CEF} = {F2D651C5-57A1-4CF7-BD81-D34BD9049CEF}
	EndProjectSection
EndProject
Project("{FAE04EC0-301F-11D3-BF4B-00C04F79EFBC}") = "CinemaManager.Common", "CinemaManager.Common\CinemaManager.Common.csproj", "{C708FB29-1101-488E-A1D1-7441D0AB5AA4}"
EndProject
Project("{2150E333-8FDC-42A3-9474-1A3956D46DE8}") = "Solution Items", "Solution Items", "{8EC462FD-D22E-90A8-E5CE-7E832BA40C5D}"
	ProjectSection(SolutionItems) = preProject
		README.md = README.md
	EndProjectSection
EndProject
Project("{FAE04EC0-301F-11D3-BF4B-00C04F79EFBC}") = "CinemaManager.Composition", "CinemaManager.Composition\CinemaManager.Composition.csproj", "{FE2842B5-B592-440A-980C-A967B2C31B42}"
EndProject
Project("{FAE04EC0-301F-11D3-BF4B-00C04F79EFBC}") = "CinemaManager.Services", "CinemaManager.Services\CinemaManager.Services.csproj", "{42B2C1A8-0F21-4FB1-AD93-832A5452A148}"
EndProject
Project("{FAE04EC0-301F-11D3-BF4B-00C04F79EFBC}") = "CinemaManager", "CinemaManager\CinemaManager.csproj", "{0B4306F5-5BBA-4052-9C3C-85BEFAA5A0F7}"
EndProject
Project("{FAE04EC0-301F-11D3-BF4B-00C04F79EFBC}") = "CinemaManager.DTOs", "CinemaManager.DTOs\CinemaManager.DTOs.csproj", "{46BB213D-B3AA-4346-AB45-CFAE2D567C64}"
EndProject
Global
	GlobalSection(SolutionConfigurationPlatforms) = preSolution
		Debug|Any CPU = Debug|Any CPU
		Release|Any CPU = Release|Any CPU
	EndGlobalSection
	GlobalSection(ProjectConfigurationPlatforms) = postSolution
		{EEB1D879-229C-4B7E-BC74-4A57AD919C95}.Debug|Any CPU.ActiveCfg = Debug|Any CPU
		{EEB1D879-229C-4B7E-BC74-4A57AD919C95}.Debug|Any CPU.Build.0 = Debug|Any CPU
		{EEB1D879-229C-4B7E-BC74-4A57AD919C95}.Release|Any CPU.ActiveCfg = Release|Any CPU
		{EEB1D879-229C-4B7E-BC74-4A57AD919C95}.Release|Any CPU.Build.0 = Release|Any CPU
		{F2D651C5-57A1-4CF7-BD81-D34BD9049CEF}.Debug|Any CPU.ActiveCfg = Debug|Any CPU
		{F2D651C5-57A1-4CF7-BD81-D34BD9049CEF}.Debug|Any CPU.Build.0 = Debug|Any CPU
		{F2D651C5-57A1-4CF7-BD81-D34BD9049CEF}.Release|Any CPU.ActiveCfg = Release|Any CPU
		{F2D651C5-57A1-4CF7-BD81-D34BD9049CEF}.Release|Any CPU.Build.0 = Release|Any CPU
		{E4E3F19D-D7EA-443B-9C79-B3EC0EA52732}.Debug|Any CPU.ActiveCfg = Debug|Any CPU
		{E4E3F19D-D7EA-443B-9C79-B3EC0EA52732}.Debug|Any CPU.Build.0 = Debug|Any CPU
		{E4E3F19D-D7EA-443B-9C79-B3EC0EA52732}.Release|Any CPU.ActiveCfg = Release|Any CPU
		{E4E3F19D-D7EA-443B-9C79-B3EC0EA52732}.Release|Any CPU.Build.0 = Release|Any CPU
		{D5FE1C09-1506-451F-BDD7-2F01CCDC7609}.Debug|Any CPU.ActiveCfg = Debug|Any CPU
		{D5FE1C09-1506-451F-BDD7-2F01CCDC7609}.Debug|Any CPU.Build.0 = Debug|Any CPU
		{D5FE1C09-1506-451F-BDD7-2F01CCDC7609}.Release|Any CPU.ActiveCfg = Release|Any CPU
		{D5FE1C09-1506-451F-BDD7-2F01CCDC7609}.Release|Any CPU.Build.0 = Release|Any CPU
		{C708FB29-1101-488E-A1D1-7441D0AB5AA4}.Debug|Any CPU.ActiveCfg = Debug|Any CPU
		{C708FB29-1101-488E-A1D1-7441D0AB5AA4}.Debug|Any CPU.Build.0 = Debug|Any CPU
		{C708FB29-1101-488E-A1D1-7441D0AB5AA4}.Release|Any CPU.ActiveCfg = Release|Any CPU
		{C708FB29-1101-488E-A1D1-7441D0AB5AA4}.Release|Any CPU.Build.0 = Release|Any CPU
		{FE2842B5-B592-440A-980C-A967B2C31B42}.Debug|Any CPU.ActiveCfg = Debug|Any CPU
		{FE2842B5-B592-440A-980C-A967B2C31B42}.Debug|Any CPU.Build.0 = Debug|Any CPU
		{FE2842B5-B592-440A-980C-A967B2C31B42}.Release|Any CPU.ActiveCfg = Release|Any CPU
		{FE2842B5-B592-440A-980C-A967B2C31B42}.Release|Any CPU.Build.0 = Release|Any CPU
		{42B2C1A8-0F21-4FB1-AD93-832A5452A148}.Debug|Any CPU.ActiveCfg = Debug|Any CPU
		{42B2C1A8-0F21-4FB1-AD93-832A5452A148}.Debug|Any CPU.Build.0 = Debug|Any CPU
		{42B2C1A8-0F21-4FB1-AD93-832A5452A148}.Release|Any CPU.ActiveCfg = Release|Any CPU
		{42B2C1A8-0F21-4FB1-AD93-832A5452A148}.Release|Any CPU.Build.0 = Release|Any CPU
		{0B4306F5-5BBA-4052-9C3C-85BEFAA5A0F7}.Debug|Any CPU.ActiveCfg = Debug|Any CPU
		{0B4306F5-5BBA-4052-9C3C-85BEFAA5A0F7}.Debug|Any CPU.Build.0 = Debug|Any CPU
		{0B4306F5-5BBA-4052-9C3C-85BEFAA5A0F7}.Debug|Any CPU.Deploy.0 = Debug|Any CPU
		{0B4306F5-5BBA-4052-9C3C-85BEFAA5A0F7}.Release|Any CPU.ActiveCfg = Release|Any CPU
		{0B4306F5-5BBA-4052-9C3C-85BEFAA5A0F7}.Release|Any CPU.Build.0 = Release|Any CPU
		{46BB213D-B3AA-4346-AB45-CFAE2D567C64}.Debug|Any CPU.ActiveCfg = Debug|Any CPU
		{46BB213D-B3AA-4346-AB45-CFAE2D567C64}.Debug|Any CPU.Build.0 = Debug|Any CPU
		{46BB213D-B3AA-4346-AB45-CFAE2D567C64}.Release|Any CPU.ActiveCfg = Release|Any CPU
		{46BB213D-B3AA-4346-AB45-CFAE2D567C64}.Release|Any CPU.Build.0 = Release|Any CPU
	EndGlobalSection
	GlobalSection(SolutionProperties) = preSolution
		HideSolutionNode = FALSE
	EndGlobalSection
	GlobalSection(ExtensibilityGlobals) = postSolution
		SolutionGuid = {205D785C-52A3-4246-895A-025141B0F5F0}
	EndGlobalSection
EndGlobal
